
Microsoft Visual Studio Solution File, Format Version 12.00
# Visual Studio Version 16
VisualStudioVersion = 16.0.32802.440
MinimumVisualStudioVersion = 10.0.40219.1
Project("{8BC9CEB8-8B4A-11D0-8D11-00A0C91BC942}") = "2022cppStudy07", "2022cppStudy07\2022cppStudy07.vcxproj", "{87358D4F-C271-4D3D-AF2B-FF11FA1C463D}"
EndProject
Global
	GlobalSection(SolutionConfigurationPlatforms) = preSolution
		Debug|x64 = Debug|x64
		Debug|x86 = Debug|x86
		Release|x64 = Release|x64
		Release|x86 = Release|x86
	EndGlobalSection
	GlobalSection(ProjectConfigurationPlatforms) = postSolution
		{87358D4F-C271-4D3D-AF2B-FF11FA1C463D}.Debug|x64.ActiveCfg = Debug|x64
		{87358D4F-C271-4D3D-AF2B-FF11FA1C463D}.Debug|x64.Build.0 = Debug|x64
		{87358D4F-C271-4D3D-AF2B-FF11FA1C463D}.Debug|x86.ActiveCfg = Debug|Win32
		{87358D4F-C271-4D3D-AF2B-FF11FA1C463D}.Debug|x86.Build.0 = Debug|Win32
		{87358D4F-C271-4D3D-AF2B-FF11FA1C463D}.Release|x64.ActiveCfg = Release|x64
		{87358D4F-C271-4D3D-AF2B-FF11FA1C463D}.Release|x64.Build.0 = Release|x64
		{87358D4F-C271-4D3D-AF2B-FF11FA1C463D}.Release|x86.ActiveCfg = Release|Win32
		{87358D4F-C271-4D3D-AF2B-FF11FA1C463D}.Release|x86.Build.0 = Release|Win32
	EndGlobalSection
	GlobalSection(SolutionProperties) = preSolution
		HideSolutionNode = FALSE
	EndGlobalSection
	GlobalSection(ExtensibilityGlobals) = postSolution
		SolutionGuid = {94741021-424E-47A0-A9B2-7C1AFB521FC1}
	EndGlobalSection
EndGlobal
